// !$*UTF8*$!
{
	archiveVersion = 1;
	classes = {
	};
	objectVersion = 46;
	objects = {

/* Begin PBXBuildFile section */
		4F5A51621E3B161F00F0F697 /* AppDelegate.swift in Sources */ = {isa = PBXBuildFile; fileRef = 4F5A51611E3B161F00F0F697 /* AppDelegate.swift */; };
		4F5A51641E3B161F00F0F697 /* ViewController.swift in Sources */ = {isa = PBXBuildFile; fileRef = 4F5A51631E3B161F00F0F697 /* ViewController.swift */; };
		4F5A51671E3B161F00F0F697 /* Main.storyboard in Resources */ = {isa = PBXBuildFile; fileRef = 4F5A51651E3B161F00F0F697 /* Main.storyboard */; };
		4F5A51691E3B161F00F0F697 /* Assets.xcassets in Resources */ = {isa = PBXBuildFile; fileRef = 4F5A51681E3B161F00F0F697 /* Assets.xcassets */; };
		4F5A516C1E3B161F00F0F697 /* LaunchScreen.storyboard in Resources */ = {isa = PBXBuildFile; fileRef = 4F5A516A1E3B161F00F0F697 /* LaunchScreen.storyboard */; };
		4F5A51751E3B167100F0F697 /* PageTitleView.swift in Sources */ = {isa = PBXBuildFile; fileRef = 4F5A51741E3B167100F0F697 /* PageTitleView.swift */; };
		4F5A51771E3B167F00F0F697 /* PageContentView.swift in Sources */ = {isa = PBXBuildFile; fileRef = 4F5A51761E3B167F00F0F697 /* PageContentView.swift */; };
		4F5A51791E3B625900F0F697 /* CommonTool.swift in Sources */ = {isa = PBXBuildFile; fileRef = 4F5A51781E3B625900F0F697 /* CommonTool.swift */; };
		4F5A517D1E3C164200F0F697 /* UIColor-Extension.swift in Sources */ = {isa = PBXBuildFile; fileRef = 4F5A517C1E3C164200F0F697 /* UIColor-Extension.swift */; };
/* End PBXBuildFile section */

/* Begin PBXFileReference section */
		4F5A515E1E3B161F00F0F697 /* PageMenu.app */ = {isa = PBXFileReference; explicitFileType = wrapper.application; includeInIndex = 0; path = PageMenu.app; sourceTree = BUILT_PRODUCTS_DIR; };
		4F5A51611E3B161F00F0F697 /* AppDelegate.swift */ = {isa = PBXFileReference; lastKnownFileType = sourcecode.swift; path = AppDelegate.swift; sourceTree = "<group>"; };
		4F5A51631E3B161F00F0F697 /* ViewController.swift */ = {isa = PBXFileReference; lastKnownFileType = sourcecode.swift; path = ViewController.swift; sourceTree = "<group>"; };
		4F5A51661E3B161F00F0F697 /* Base */ = {isa = PBXFileReference; lastKnownFileType = file.storyboard; name = Base; path = Base.lproj/Main.storyboard; sourceTree = "<group>"; };
		4F5A51681E3B161F00F0F697 /* Assets.xcassets */ = {isa = PBXFileReference; lastKnownFileType = folder.assetcatalog; path = Assets.xcassets; sourceTree = "<group>"; };
		4F5A516B1E3B161F00F0F697 /* Base */ = {isa = PBXFileReference; lastKnownFileType = file.storyboard; name = Base; path = Base.lproj/LaunchScreen.storyboard; sourceTree = "<group>"; };
		4F5A516D1E3B161F00F0F697 /* Info.plist */ = {isa = PBXFileReference; lastKnownFileType = text.plist.xml; path = Info.plist; sourceTree = "<group>"; };
		4F5A51741E3B167100F0F697 /* PageTitleView.swift */ = {isa = PBXFileReference; fileEncoding = 4; lastKnownFileType = sourcecode.swift; path = PageTitleView.swift; sourceTree = "<group>"; };
		4F5A51761E3B167F00F0F697 /* PageContentView.swift */ = {isa = PBXFileReference; fileEncoding = 4; lastKnownFileType = sourcecode.swift; path = PageContentView.swift; sourceTree = "<group>"; };
		4F5A51781E3B625900F0F697 /* CommonTool.swift */ = {isa = PBXFileReference; fileEncoding = 4; lastKnownFileType = sourcecode.swift; path = CommonTool.swift; sourceTree = "<group>"; };
		4F5A517C1E3C164200F0F697 /* UIColor-Extension.swift */ = {isa = PBXFileReference; fileEncoding = 4; lastKnownFileType = sourcecode.swift; path = "UIColor-Extension.swift"; sourceTree = "<group>"; };
/* End PBXFileReference section */

/* Begin PBXFrameworksBuildPhase section */
		4F5A515B1E3B161F00F0F697 /* Frameworks */ = {
			isa = PBXFrameworksBuildPhase;
			buildActionMask = 2147483647;
			files = (
			);
			runOnlyForDeploymentPostprocessing = 0;
		};
/* End PBXFrameworksBuildPhase section */

/* Begin PBXGroup section */
		4F5A51551E3B161F00F0F697 = {
			isa = PBXGroup;
			children = (
				4F5A51601E3B161F00F0F697 /* PageMenu */,
				4F5A515F1E3B161F00F0F697 /* Products */,
			);
			sourceTree = "<group>";
		};
		4F5A515F1E3B161F00F0F697 /* Products */ = {
			isa = PBXGroup;
			children = (
				4F5A515E1E3B161F00F0F697 /* PageMenu.app */,
			);
			name = Products;
			sourceTree = "<group>";
		};
		4F5A51601E3B161F00F0F697 /* PageMenu */ = {
			isa = PBXGroup;
			children = (
				4F5A51731E3B163E00F0F697 /* pageMenu */,
				4F5A51611E3B161F00F0F697 /* AppDelegate.swift */,
				4F5A51631E3B161F00F0F697 /* ViewController.swift */,
				4F5A51781E3B625900F0F697 /* CommonTool.swift */,
				4F5A517C1E3C164200F0F697 /* UIColor-Extension.swift */,
				4F5A51651E3B161F00F0F697 /* Main.storyboard */,
				4F5A51681E3B161F00F0F697 /* Assets.xcassets */,
				4F5A516A1E3B161F00F0F697 /* LaunchScreen.storyboard */,
				4F5A516D1E3B161F00F0F697 /* Info.plist */,
			);
			path = PageMenu;
			sourceTree = "<group>";
		};
		4F5A51731E3B163E00F0F697 /* pageMenu */ = {
			isa = PBXGroup;
			children = (
				4F5A51741E3B167100F0F697 /* PageTitleView.swift */,
				4F5A51761E3B167F00F0F697 /* PageContentView.swift */,
			);
			name = pageMenu;
			sourceTree = "<group>";
		};
/* End PBXGroup section */

/* Begin PBXNativeTarget section */
		4F5A515D1E3B161F00F0F697 /* PageMenu */ = {
			isa = PBXNativeTarget;
			buildConfigurationList = 4F5A51701E3B161F00F0F697 /* Build configuration list for PBXNativeTarget "PageMenu" */;
			buildPhases = (
				4F5A515A1E3B161F00F0F697 /* Sources */,
				4F5A515B1E3B161F00F0F697 /* Frameworks */,
				4F5A515C1E3B161F00F0F697 /* Resources */,
			);
			buildRules = (
			);
			dependencies = (
			);
			name = PageMenu;
			productName = PageMenu;
			productReference = 4F5A515E1E3B161F00F0F697 /* PageMenu.app */;
			productType = "com.apple.product-type.application";
		};
/* End PBXNativeTarget section */

/* Begin PBXProject section */
		4F5A51561E3B161F00F0F697 /* Project object */ = {
			isa = PBXProject;
			attributes = {
				LastSwiftUpdateCheck = 0820;
				LastUpgradeCheck = 0820;
				ORGANIZATIONNAME = personal;
				TargetAttributes = {
					4F5A515D1E3B161F00F0F697 = {
						CreatedOnToolsVersion = 8.2.1;
						DevelopmentTeam = SLMAEZYAP8;
						ProvisioningStyle = Automatic;
					};
				};
			};
			buildConfigurationList = 4F5A51591E3B161F00F0F697 /* Build configuration list for PBXProject "PageMenu" */;
			compatibilityVersion = "Xcode 3.2";
			developmentRegion = English;
			hasScannedForEncodings = 0;
			knownRegions = (
				en,
				Base,
			);
			mainGroup = 4F5A51551E3B161F00F0F697;
			productRefGroup = 4F5A515F1E3B161F00F0F697 /* Products */;
			projectDirPath = "";
			projectRoot = "";
			targets = (
				4F5A515D1E3B161F00F0F697 /* PageMenu */,
			);
		};
/* End PBXProject section */

/* Begin PBXResourcesBuildPhase section */
		4F5A515C1E3B161F00F0F697 /* Resources */ = {
			isa = PBXResourcesBuildPhase;
			buildActionMask = 2147483647;
			files = (
				4F5A516C1E3B161F00F0F697 /* LaunchScreen.storyboard in Resources */,
				4F5A51691E3B161F00F0F697 /* Assets.xcassets in Resources */,
				4F5A51671E3B161F00F0F697 /* Main.storyboard in Resources */,
			);
			runOnlyForDeploymentPostprocessing = 0;
		};
/* End PBXResourcesBuildPhase section */

/* Begin PBXSourcesBuildPhase section */
		4F5A515A1E3B161F00F0F697 /* Sources */ = {
			isa = PBXSourcesBuildPhase;
			buildActionMask = 2147483647;
			files = (
				4F5A51791E3B625900F0F697 /* CommonTool.swift in Sources */,
				4F5A517D1E3C164200F0F697 /* UIColor-Extension.swift in Sources */,
				4F5A51751E3B167100F0F697 /* PageTitleView.swift in Sources */,
				4F5A51641E3B161F00F0F697 /* ViewController.swift in Sources */,
				4F5A51621E3B161F00F0F697 /* AppDelegate.swift in Sources */,
				4F5A51771E3B167F00F0F697 /* PageContentView.swift in Sources */,
			);
			runOnlyForDeploymentPostprocessing = 0;
		};
/* End PBXSourcesBuildPhase section */

/* Begin PBXVariantGroup section */
		4F5A51651E3B161F00F0F697 /* Main.storyboard */ = {
			isa = PBXVariantGroup;
			children = (
				4F5A51661E3B161F00F0F697 /* Base */,
			);
			name = Main.storyboard;
			sourceTree = "<group>";
		};
		4F5A516A1E3B161F00F0F697 /* LaunchScreen.storyboard */ = {
			isa = PBXVariantGroup;
			children = (
				4F5A516B1E3B161F00F0F697 /* Base */,
			);
			name = LaunchScreen.storyboard;
			sourceTree = "<group>";
		};
/* End PBXVariantGroup section */

/* Begin XCBuildConfiguration section */
		4F5A516E1E3B161F00F0F697 /* Debug */ = {
			isa = XCBuildConfiguration;
			buildSettings = {
				ALWAYS_SEARCH_USER_PATHS = NO;
				CLANG_ANALYZER_NONNULL = YES;
				CLANG_CXX_LANGUAGE_STANDARD = "gnu++0x";
				CLANG_CXX_LIBRARY = "libc++";
				CLANG_ENABLE_MODULES = YES;
				CLANG_ENABLE_OBJC_ARC = YES;
				CLANG_WARN_BOOL_CONVERSION = YES;
				CLANG_WARN_CONSTANT_CONVERSION = YES;
				CLANG_WARN_DIRECT_OBJC_ISA_USAGE = YES_ERROR;
				CLANG_WARN_DOCUMENTATION_COMMENTS = YES;
				CLANG_WARN_EMPTY_BODY = YES;
				CLANG_WARN_ENUM_CONVERSION = YES;
				CLANG_WARN_INFINITE_RECURSION = YES;
				CLANG_WARN_INT_CONVERSION = YES;
				CLANG_WARN_OBJC_ROOT_CLASS = YES_ERROR;
				CLANG_WARN_SUSPICIOUS_MOVE = YES;
				CLANG_WARN_UNREACHABLE_CODE = YES;
				CLANG_WARN__DUPLICATE_METHOD_MATCH = YES;
				"CODE_SIGN_IDENTITY[sdk=iphoneos*]" = "iPhone Developer";
				COPY_PHASE_STRIP = NO;
				DEBUG_INFORMATION_FORMAT = dwarf;
				ENABLE_STRICT_OBJC_MSGSEND = YES;
				ENABLE_TESTABILITY = YES;
				GCC_C_LANGUAGE_STANDARD = gnu99;
				GCC_DYNAMIC_NO_PIC = NO;
				GCC_NO_COMMON_BLOCKS = YES;
				GCC_OPTIMIZATION_LEVEL = 0;
				GCC_PREPROCESSOR_DEFINITIONS = (
					"DEBUG=1",
					"$(inherited)",
				);
				GCC_WARN_64_TO_32_BIT_CONVERSION = YES;
				GCC_WARN_ABOUT_RETURN_TYPE = YES_ERROR;
				GCC_WARN_UNDECLARED_SELECTOR = YES;
				GCC_WARN_UNINITIALIZED_AUTOS = YES_AGGRESSIVE;
				GCC_WARN_UNUSED_FUNCTION = YES;
				GCC_WARN_UNUSED_VARIABLE = YES;
				IPHONEOS_DEPLOYMENT_TARGET = 10.2;
				MTL_ENABLE_DEBUG_INFO = YES;
				ONLY_ACTIVE_ARCH = YES;
				SDKROOT = iphoneos;
				SWIFT_ACTIVE_COMPILATION_CONDITIONS = DEBUG;
				SWIFT_OPTIMIZATION_LEVEL = "-Onone";
			};
			name = Debug;
		};
		4F5A516F1E3B161F00F0F697 /* Release */ = {
			isa = XCBuildConfiguration;
			buildSettings = {
				ALWAYS_SEARCH_USER_PATHS = NO;
				CLANG_ANALYZER_NONNULL = YES;
				CLANG_CXX_LANGUAGE_STANDARD = "gnu++0x";
				CLANG_CXX_LIBRARY = "libc++";
				CLANG_ENABLE_MODULES = YES;
				CLANG_ENABLE_OBJC_ARC = YES;
				CLANG_WARN_BOOL_CONVERSION = YES;
				CLANG_WARN_CONSTANT_CONVERSION = YES;
				CLANG_WARN_DIRECT_OBJC_ISA_USAGE = YES_ERROR;
				CLANG_WARN_DOCUMENTATION_COMMENTS = YES;
				CLANG_WARN_EMPTY_BODY = YES;
				CLANG_WARN_ENUM_CONVERSION = YES;
				CLANG_WARN_INFINITE_RECURSION = YES;
				CLANG_WARN_INT_CONVERSION = YES;
				CLANG_WARN_OBJC_ROOT_CLASS = YES_ERROR;
				CLANG_WARN_SUSPICIOUS_MOVE = YES;
				CLANG_WARN_UNREACHABLE_CODE = YES;
				CLANG_WARN__DUPLICATE_METHOD_MATCH = YES;
				"CODE_SIGN_IDENTITY[sdk=iphoneos*]" = "iPhone Developer";
				COPY_PHASE_STRIP = NO;
				DEBUG_INFORMATION_FORMAT = "dwarf-with-dsym";
				ENABLE_NS_ASSERTIONS = NO;
				ENABLE_STRICT_OBJC_MSGSEND = YES;
				GCC_C_LANGUAGE_STANDARD = gnu99;
				GCC_NO_COMMON_BLOCKS = YES;
				GCC_WARN_64_TO_32_BIT_CONVERSION = YES;
				GCC_WARN_ABOUT_RETURN_TYPE = YES_ERROR;
				GCC_WARN_UNDECLARED_SELECTOR = YES;
				GCC_WARN_UNINITIALIZED_AUTOS = YES_AGGRESSIVE;
				GCC_WARN_UNUSED_FUNCTION = YES;
				GCC_WARN_UNUSED_VARIABLE = YES;
				IPHONEOS_DEPLOYMENT_TARGET = 10.2;
				MTL_ENABLE_DEBUG_INFO = NO;
				SDKROOT = iphoneos;
				SWIFT_OPTIMIZATION_LEVEL = "-Owholemodule";
				VALIDATE_PRODUCT = YES;
			};
			name = Release;
		};
		4F5A51711E3B161F00F0F697 /* Debug */ = {
			isa = XCBuildConfiguration;
			buildSettings = {
				ASSETCATALOG_COMPILER_APPICON_NAME = AppIcon;
				DEVELOPMENT_TEAM = SLMAEZYAP8;
				INFOPLIST_FILE = PageMenu/Info.plist;
				IPHONEOS_DEPLOYMENT_TARGET = 10.0;
				LD_RUNPATH_SEARCH_PATHS = "$(inherited) @executable_path/Frameworks";
				PRODUCT_BUNDLE_IDENTIFIER = cn.personal.ios.PageMenu;
				PRODUCT_NAME = "$(TARGET_NAME)";
				SWIFT_VERSION = 3.0;
			};
			name = Debug;
		};
		4F5A51721E3B161F00F0F697 /* Release */ = {
			isa = XCBuildConfiguration;
			buildSettings = {
				ASSETCATALOG_COMPILER_APPICON_NAME = AppIcon;
				DEVELOPMENT_TEAM = SLMAEZYAP8;
				INFOPLIST_FILE = PageMenu/Info.plist;
				IPHONEOS_DEPLOYMENT_TARGET = 10.0;
				LD_RUNPATH_SEARCH_PATHS = "$(inherited) @executable_path/Frameworks";
				PRODUCT_BUNDLE_IDENTIFIER = cn.personal.ios.PageMenu;
				PRODUCT_NAME = "$(TARGET_NAME)";
				SWIFT_VERSION = 3.0;
			};
			name = Release;
		};
/* End XCBuildConfiguration section */

/* Begin XCConfigurationList section */
		4F5A51591E3B161F00F0F697 /* Build configuration list for PBXProject "PageMenu" */ = {
			isa = XCConfigurationList;
			buildConfigurations = (
				4F5A516E1E3B161F00F0F697 /* Debug */,
				4F5A516F1E3B161F00F0F697 /* Release */,
			);
			defaultConfigurationIsVisible = 0;
			defaultConfigurationName = Release;
		};
		4F5A51701E3B161F00F0F697 /* Build configuration list for PBXNativeTarget "PageMenu" */ = {
			isa = XCConfigurationList;
			buildConfigurations = (
				4F5A51711E3B161F00F0F697 /* Debug */,
				4F5A51721E3B161F00F0F697 /* Release */,
			);
			defaultConfigurationIsVisible = 0;
			defaultConfigurationName = Release;
		};
/* End XCConfigurationList section */
	};
	rootObject = 4F5A51561E3B161F00F0F697 /* Project object */;
}
